
Microsoft Visual Studio Solution File, Format Version 12.00
# Visual Studio 2012
Project("{9092AA53-FB77-4645-B42D-1CCCA6BD08BD}") = "ARDS", "ARDS.njsproj", "{57094629-79DB-4C34-80D9-4E20FE40C266}"
EndProject
Global
	GlobalSection(SolutionConfigurationPlatforms) = preSolution
		Debug|Any CPU = Debug|Any CPU
		Release|Any CPU = Release|Any CPU
	EndGlobalSection
	GlobalSection(ProjectConfigurationPlatforms) = postSolution
		{57094629-79DB-4C34-80D9-4E20FE40C266}.Debug|Any CPU.ActiveCfg = Debug|Any CPU
		{57094629-79DB-4C34-80D9-4E20FE40C266}.Debug|Any CPU.Build.0 = Debug|Any CPU
		{57094629-79DB-4C34-80D9-4E20FE40C266}.Release|Any CPU.ActiveCfg = Release|Any CPU
		{57094629-79DB-4C34-80D9-4E20FE40C266}.Release|Any CPU.Build.0 = Release|Any CPU
	EndGlobalSection
	GlobalSection(SolutionProperties) = preSolution
		HideSolutionNode = FALSE
	EndGlobalSection
EndGlobal
