
Microsoft Visual Studio Solution File, Format Version 12.00
# Visual Studio 2012
Project("{FAE04EC0-301F-11D3-BF4B-00C04F79EFBC}") = "ArdsTester", "ArdsTester\ArdsTester.csproj", "{F0AA2071-275E-4F3A-874A-5F083E592106}"
EndProject
Global
	GlobalSection(SolutionConfigurationPlatforms) = preSolution
		Debug|Any CPU = Debug|Any CPU
		Release|Any CPU = Release|Any CPU
	EndGlobalSection
	GlobalSection(ProjectConfigurationPlatforms) = postSolution
		{F0AA2071-275E-4F3A-874A-5F083E592106}.Debug|Any CPU.ActiveCfg = Debug|Any CPU
		{F0AA2071-275E-4F3A-874A-5F083E592106}.Debug|Any CPU.Build.0 = Debug|Any CPU
		{F0AA2071-275E-4F3A-874A-5F083E592106}.Release|Any CPU.ActiveCfg = Release|Any CPU
		{F0AA2071-275E-4F3A-874A-5F083E592106}.Release|Any CPU.Build.0 = Release|Any CPU
	EndGlobalSection
	GlobalSection(SolutionProperties) = preSolution
		HideSolutionNode = FALSE
	EndGlobalSection
EndGlobal
